
Microsoft Visual Studio Solution File, Format Version 12.00
# Visual Studio Version 17
VisualStudioVersion = 17.3.32804.467
MinimumVisualStudioVersion = 10.0.40219.1
Project("{9A19103F-16F7-4668-BE54-9A1E7A4F7556}") = "OS_Kurs_App", "OS_Kurs\OS_Kurs_App.csproj", "{B08A3703-EFCD-4BFD-B7B5-60B8EEF57F18}"
EndProject
Project("{9A19103F-16F7-4668-BE54-9A1E7A4F7556}") = "S5FS", "S5FS\S5FS.csproj", "{686A5EE7-CB85-40D1-ADD5-C0489AF05483}"
EndProject
Global
	GlobalSection(SolutionConfigurationPlatforms) = preSolution
		Debug|Any CPU = Debug|Any CPU
		Release|Any CPU = Release|Any CPU
	EndGlobalSection
	GlobalSection(ProjectConfigurationPlatforms) = postSolution
		{B08A3703-EFCD-4BFD-B7B5-60B8EEF57F18}.Debug|Any CPU.ActiveCfg = Debug|Any CPU
		{B08A3703-EFCD-4BFD-B7B5-60B8EEF57F18}.Debug|Any CPU.Build.0 = Debug|Any CPU
		{B08A3703-EFCD-4BFD-B7B5-60B8EEF57F18}.Release|Any CPU.ActiveCfg = Release|Any CPU
		{B08A3703-EFCD-4BFD-B7B5-60B8EEF57F18}.Release|Any CPU.Build.0 = Release|Any CPU
		{686A5EE7-CB85-40D1-ADD5-C0489AF05483}.Debug|Any CPU.ActiveCfg = Debug|Any CPU
		{686A5EE7-CB85-40D1-ADD5-C0489AF05483}.Debug|Any CPU.Build.0 = Debug|Any CPU
		{686A5EE7-CB85-40D1-ADD5-C0489AF05483}.Release|Any CPU.ActiveCfg = Release|Any CPU
		{686A5EE7-CB85-40D1-ADD5-C0489AF05483}.Release|Any CPU.Build.0 = Release|Any CPU
	EndGlobalSection
	GlobalSection(SolutionProperties) = preSolution
		HideSolutionNode = FALSE
	EndGlobalSection
	GlobalSection(ExtensibilityGlobals) = postSolution
		SolutionGuid = {9A0DEA4A-8239-4160-B5F7-FDBEA2516DED}
	EndGlobalSection
EndGlobal
